
Microsoft Visual Studio Solution File, Format Version 11.00
# Visual Studio 2010
Project("{CC5FD16D-436D-48AD-A40C-5A424C6E3E79}") = "Trivializer", "Trivializer\Trivializer.ccproj", "{9F532295-6DF2-4600-BCCD-5CC492AE2404}"
EndProject
Project("{FAE04EC0-301F-11D3-BF4B-00C04F79EFBC}") = "WCFServiceWebRole1", "WCFServiceWebRole1\WCFServiceWebRole1.csproj", "{A3E227B8-FBAF-436E-9047-5551BD3C7F07}"
EndProject
Global
	GlobalSection(SolutionConfigurationPlatforms) = preSolution
		Debug|Any CPU = Debug|Any CPU
		Release|Any CPU = Release|Any CPU
	EndGlobalSection
	GlobalSection(ProjectConfigurationPlatforms) = postSolution
		{9F532295-6DF2-4600-BCCD-5CC492AE2404}.Debug|Any CPU.ActiveCfg = Debug|Any CPU
		{9F532295-6DF2-4600-BCCD-5CC492AE2404}.Debug|Any CPU.Build.0 = Debug|Any CPU
		{9F532295-6DF2-4600-BCCD-5CC492AE2404}.Release|Any CPU.ActiveCfg = Release|Any CPU
		{9F532295-6DF2-4600-BCCD-5CC492AE2404}.Release|Any CPU.Build.0 = Release|Any CPU
		{A3E227B8-FBAF-436E-9047-5551BD3C7F07}.Debug|Any CPU.ActiveCfg = Debug|Any CPU
		{A3E227B8-FBAF-436E-9047-5551BD3C7F07}.Debug|Any CPU.Build.0 = Debug|Any CPU
		{A3E227B8-FBAF-436E-9047-5551BD3C7F07}.Release|Any CPU.ActiveCfg = Release|Any CPU
		{A3E227B8-FBAF-436E-9047-5551BD3C7F07}.Release|Any CPU.Build.0 = Release|Any CPU
	EndGlobalSection
	GlobalSection(SolutionProperties) = preSolution
		HideSolutionNode = FALSE
	EndGlobalSection
EndGlobal
