
Microsoft Visual Studio Solution File, Format Version 12.00
# Visual Studio 2012
Project("{FAE04EC0-301F-11D3-BF4B-00C04F79EFBC}") = "Trivilizer.PhoneUI", "Trivilizer.PhoneUI\Trivilizer.PhoneUI.csproj", "{43CB8D8E-4EDF-4220-86C4-7332D0E52206}"
EndProject
Project("{FAE04EC0-301F-11D3-BF4B-00C04F79EFBC}") = "VenuePop", "..\VenuePopMvc\VenuePop\VenuePop.csproj", "{58550491-AD8D-4E8D-B612-5353CC84FBD4}"
EndProject
Project("{FAE04EC0-301F-11D3-BF4B-00C04F79EFBC}") = "DAL", "..\VenuePopMvc\DAL\DAL.csproj", "{4D8CF58D-26C7-4863-8DC1-631CC82F0C12}"
EndProject
Global
	GlobalSection(SolutionConfigurationPlatforms) = preSolution
		Debug|Any CPU = Debug|Any CPU
		Release|Any CPU = Release|Any CPU
	EndGlobalSection
	GlobalSection(ProjectConfigurationPlatforms) = postSolution
		{43CB8D8E-4EDF-4220-86C4-7332D0E52206}.Debug|Any CPU.ActiveCfg = Debug|Any CPU
		{43CB8D8E-4EDF-4220-86C4-7332D0E52206}.Debug|Any CPU.Build.0 = Debug|Any CPU
		{43CB8D8E-4EDF-4220-86C4-7332D0E52206}.Release|Any CPU.ActiveCfg = Release|Any CPU
		{43CB8D8E-4EDF-4220-86C4-7332D0E52206}.Release|Any CPU.Build.0 = Release|Any CPU
		{4D8CF58D-26C7-4863-8DC1-631CC82F0C12}.Debug|Any CPU.ActiveCfg = Debug|Any CPU
		{4D8CF58D-26C7-4863-8DC1-631CC82F0C12}.Debug|Any CPU.Build.0 = Debug|Any CPU
		{4D8CF58D-26C7-4863-8DC1-631CC82F0C12}.Release|Any CPU.ActiveCfg = Release|Any CPU
		{4D8CF58D-26C7-4863-8DC1-631CC82F0C12}.Release|Any CPU.Build.0 = Release|Any CPU
		{58550491-AD8D-4E8D-B612-5353CC84FBD4}.Debug|Any CPU.ActiveCfg = Debug|Any CPU
		{58550491-AD8D-4E8D-B612-5353CC84FBD4}.Debug|Any CPU.Build.0 = Debug|Any CPU
		{58550491-AD8D-4E8D-B612-5353CC84FBD4}.Release|Any CPU.ActiveCfg = Release|Any CPU
		{58550491-AD8D-4E8D-B612-5353CC84FBD4}.Release|Any CPU.Build.0 = Release|Any CPU
	EndGlobalSection
	GlobalSection(SolutionProperties) = preSolution
		HideSolutionNode = FALSE
	EndGlobalSection
EndGlobal
